// !$*UTF8*$!
{
	archiveVersion = 1;
	classes = {
	};
	objectVersion = 53;
	objects = {

/* Begin PBXBuildFile section */
		C64C4EAC2713DBBF0088370C /* main.cpp in Sources */ = {isa = PBXBuildFile; fileRef = C64C4EAB2713DBBF0088370C /* main.cpp */; };
		C64C4EB72713DE990088370C /* bus.cpp in Sources */ = {isa = PBXBuildFile; fileRef = C64C4EB32713DDF90088370C /* bus.cpp */; };
		C64C4EB82713DE990088370C /* functions.cpp in Sources */ = {isa = PBXBuildFile; fileRef = C64C4EB52713DE280088370C /* functions.cpp */; };
/* End PBXBuildFile section */

/* Begin PBXCopyFilesBuildPhase section */
		C64C4EA62713DBBF0088370C /* CopyFiles */ = {
			isa = PBXCopyFilesBuildPhase;
			buildActionMask = 2147483647;
			dstPath = /usr/share/man/man1/;
			dstSubfolderSpec = 0;
			files = (
			);
			runOnlyForDeploymentPostprocessing = 1;
		};
/* End PBXCopyFilesBuildPhase section */

/* Begin PBXFileReference section */
		C64C4EA82713DBBF0088370C /* BonillaA04 */ = {isa = PBXFileReference; explicitFileType = "compiled.mach-o.executable"; includeInIndex = 0; path = BonillaA04; sourceTree = BUILT_PRODUCTS_DIR; };
		C64C4EAB2713DBBF0088370C /* main.cpp */ = {isa = PBXFileReference; lastKnownFileType = sourcecode.cpp.cpp; path = main.cpp; sourceTree = "<group>"; };
		C64C4EB32713DDF90088370C /* bus.cpp */ = {isa = PBXFileReference; lastKnownFileType = sourcecode.cpp.cpp; path = bus.cpp; sourceTree = "<group>"; };
		C64C4EB42713DDF90088370C /* bus.hpp */ = {isa = PBXFileReference; lastKnownFileType = sourcecode.cpp.h; path = bus.hpp; sourceTree = "<group>"; };
		C64C4EB52713DE280088370C /* functions.cpp */ = {isa = PBXFileReference; lastKnownFileType = sourcecode.cpp.cpp; path = functions.cpp; sourceTree = "<group>"; };
		C64C4EB62713DE280088370C /* functions.hpp */ = {isa = PBXFileReference; lastKnownFileType = sourcecode.cpp.h; path = functions.hpp; sourceTree = "<group>"; };
		C6A7CC082713F05800273494 /* a4dataF21.txt */ = {isa = PBXFileReference; fileEncoding = 4; lastKnownFileType = text; name = a4dataF21.txt; path = ../../COMSC200/a4dataF21.txt; sourceTree = "<group>"; };
/* End PBXFileReference section */

/* Begin PBXFrameworksBuildPhase section */
		C64C4EA52713DBBF0088370C /* Frameworks */ = {
			isa = PBXFrameworksBuildPhase;
			buildActionMask = 2147483647;
			files = (
			);
			runOnlyForDeploymentPostprocessing = 0;
		};
/* End PBXFrameworksBuildPhase section */

/* Begin PBXGroup section */
		C64C4E9F2713DBBF0088370C = {
			isa = PBXGroup;
			children = (
				C6A7CC082713F05800273494 /* a4dataF21.txt */,
				C64C4EAA2713DBBF0088370C /* BonillaA04 */,
				C64C4EA92713DBBF0088370C /* Products */,
			);
			sourceTree = "<group>";
		};
		C64C4EA92713DBBF0088370C /* Products */ = {
			isa = PBXGroup;
			children = (
				C64C4EA82713DBBF0088370C /* BonillaA04 */,
			);
			name = Products;
			sourceTree = "<group>";
		};
		C64C4EAA2713DBBF0088370C /* BonillaA04 */ = {
			isa = PBXGroup;
			children = (
				C6A7CC0A2714CCEF00273494 /* External Functions */,
				C6A7CC092714CCC500273494 /* Bus Class */,
				C64C4EAB2713DBBF0088370C /* main.cpp */,
			);
			path = BonillaA04;
			sourceTree = "<group>";
		};
		C6A7CC092714CCC500273494 /* Bus Class */ = {
			isa = PBXGroup;
			children = (
				C64C4EB42713DDF90088370C /* bus.hpp */,
				C64C4EB32713DDF90088370C /* bus.cpp */,
			);
			path = "Bus Class";
			sourceTree = "<group>";
		};
		C6A7CC0A2714CCEF00273494 /* External Functions */ = {
			isa = PBXGroup;
			children = (
				C64C4EB52713DE280088370C /* functions.cpp */,
				C64C4EB62713DE280088370C /* functions.hpp */,
			);
			path = "External Functions";
			sourceTree = "<group>";
		};
/* End PBXGroup section */

/* Begin PBXNativeTarget section */
		C64C4EA72713DBBF0088370C /* BonillaA04 */ = {
			isa = PBXNativeTarget;
			buildConfigurationList = C64C4EAF2713DBBF0088370C /* Build configuration list for PBXNativeTarget "BonillaA04" */;
			buildPhases = (
				C64C4EA42713DBBF0088370C /* Sources */,
				C64C4EA52713DBBF0088370C /* Frameworks */,
				C64C4EA62713DBBF0088370C /* CopyFiles */,
			);
			buildRules = (
			);
			dependencies = (
			);
			name = BonillaA04;
			productName = BonillaA04;
			productReference = C64C4EA82713DBBF0088370C /* BonillaA04 */;
			productType = "com.apple.product-type.tool";
		};
/* End PBXNativeTarget section */

/* Begin PBXProject section */
		C64C4EA02713DBBF0088370C /* Project object */ = {
			isa = PBXProject;
			attributes = {
				BuildIndependentTargetsInParallel = 1;
				LastUpgradeCheck = 1300;
				TargetAttributes = {
					C64C4EA72713DBBF0088370C = {
						CreatedOnToolsVersion = 13.0;
					};
				};
			};
			buildConfigurationList = C64C4EA32713DBBF0088370C /* Build configuration list for PBXProject "BonillaA04" */;
			compatibilityVersion = "Xcode 11.4";
			developmentRegion = en;
			hasScannedForEncodings = 0;
			knownRegions = (
				en,
				Base,
			);
			mainGroup = C64C4E9F2713DBBF0088370C;
			productRefGroup = C64C4EA92713DBBF0088370C /* Products */;
			projectDirPath = "";
			projectRoot = "";
			targets = (
				C64C4EA72713DBBF0088370C /* BonillaA04 */,
			);
		};
/* End PBXProject section */

/* Begin PBXSourcesBuildPhase section */
		C64C4EA42713DBBF0088370C /* Sources */ = {
			isa = PBXSourcesBuildPhase;
			buildActionMask = 2147483647;
			files = (
				C64C4EB72713DE990088370C /* bus.cpp in Sources */,
				C64C4EB82713DE990088370C /* functions.cpp in Sources */,
				C64C4EAC2713DBBF0088370C /* main.cpp in Sources */,
			);
			runOnlyForDeploymentPostprocessing = 0;
		};
/* End PBXSourcesBuildPhase section */

/* Begin XCBuildConfiguration section */
		C64C4EAD2713DBBF0088370C /* Debug */ = {
			isa = XCBuildConfiguration;
			buildSettings = {
				ALWAYS_SEARCH_USER_PATHS = NO;
				CLANG_ANALYZER_NONNULL = YES;
				CLANG_ANALYZER_NUMBER_OBJECT_CONVERSION = YES_AGGRESSIVE;
				CLANG_CXX_LANGUAGE_STANDARD = "gnu++17";
				CLANG_CXX_LIBRARY = "libc++";
				CLANG_ENABLE_MODULES = YES;
				CLANG_ENABLE_OBJC_ARC = YES;
				CLANG_ENABLE_OBJC_WEAK = YES;
				CLANG_WARN_BLOCK_CAPTURE_AUTORELEASING = YES;
				CLANG_WARN_BOOL_CONVERSION = YES;
				CLANG_WARN_COMMA = YES;
				CLANG_WARN_CONSTANT_CONVERSION = YES;
				CLANG_WARN_DEPRECATED_OBJC_IMPLEMENTATIONS = YES;
				CLANG_WARN_DIRECT_OBJC_ISA_USAGE = YES_ERROR;
				CLANG_WARN_DOCUMENTATION_COMMENTS = YES;
				CLANG_WARN_EMPTY_BODY = YES;
				CLANG_WARN_ENUM_CONVERSION = YES;
				CLANG_WARN_INFINITE_RECURSION = YES;
				CLANG_WARN_INT_CONVERSION = YES;
				CLANG_WARN_NON_LITERAL_NULL_CONVERSION = YES;
				CLANG_WARN_OBJC_IMPLICIT_RETAIN_SELF = YES;
				CLANG_WARN_OBJC_LITERAL_CONVERSION = YES;
				CLANG_WARN_OBJC_ROOT_CLASS = YES_ERROR;
				CLANG_WARN_QUOTED_INCLUDE_IN_FRAMEWORK_HEADER = YES;
				CLANG_WARN_RANGE_LOOP_ANALYSIS = YES;
				CLANG_WARN_STRICT_PROTOTYPES = YES;
				CLANG_WARN_SUSPICIOUS_MOVE = YES;
				CLANG_WARN_UNGUARDED_AVAILABILITY = YES_AGGRESSIVE;
				CLANG_WARN_UNREACHABLE_CODE = YES;
				CLANG_WARN__DUPLICATE_METHOD_MATCH = YES;
				COPY_PHASE_STRIP = NO;
				DEBUG_INFORMATION_FORMAT = dwarf;
				ENABLE_STRICT_OBJC_MSGSEND = YES;
				ENABLE_TESTABILITY = YES;
				GCC_C_LANGUAGE_STANDARD = gnu11;
				GCC_DYNAMIC_NO_PIC = NO;
				GCC_NO_COMMON_BLOCKS = YES;
				GCC_OPTIMIZATION_LEVEL = 0;
				GCC_PREPROCESSOR_DEFINITIONS = (
					"DEBUG=1",
					"$(inherited)",
				);
				GCC_WARN_64_TO_32_BIT_CONVERSION = YES;
				GCC_WARN_ABOUT_RETURN_TYPE = YES_ERROR;
				GCC_WARN_UNDECLARED_SELECTOR = YES;
				GCC_WARN_UNINITIALIZED_AUTOS = YES_AGGRESSIVE;
				GCC_WARN_UNUSED_FUNCTION = YES;
				GCC_WARN_UNUSED_VARIABLE = YES;
				MACOSX_DEPLOYMENT_TARGET = 11.3;
				MTL_ENABLE_DEBUG_INFO = INCLUDE_SOURCE;
				MTL_FAST_MATH = YES;
				ONLY_ACTIVE_ARCH = YES;
				SDKROOT = macosx;
			};
			name = Debug;
		};
		C64C4EAE2713DBBF0088370C /* Release */ = {
			isa = XCBuildConfiguration;
			buildSettings = {
				ALWAYS_SEARCH_USER_PATHS = NO;
				CLANG_ANALYZER_NONNULL = YES;
				CLANG_ANALYZER_NUMBER_OBJECT_CONVERSION = YES_AGGRESSIVE;
				CLANG_CXX_LANGUAGE_STANDARD = "gnu++17";
				CLANG_CXX_LIBRARY = "libc++";
				CLANG_ENABLE_MODULES = YES;
				CLANG_ENABLE_OBJC_ARC = YES;
				CLANG_ENABLE_OBJC_WEAK = YES;
				CLANG_WARN_BLOCK_CAPTURE_AUTORELEASING = YES;
				CLANG_WARN_BOOL_CONVERSION = YES;
				CLANG_WARN_COMMA = YES;
				CLANG_WARN_CONSTANT_CONVERSION = YES;
				CLANG_WARN_DEPRECATED_OBJC_IMPLEMENTATIONS = YES;
				CLANG_WARN_DIRECT_OBJC_ISA_USAGE = YES_ERROR;
				CLANG_WARN_DOCUMENTATION_COMMENTS = YES;
				CLANG_WARN_EMPTY_BODY = YES;
				CLANG_WARN_ENUM_CONVERSION = YES;
				CLANG_WARN_INFINITE_RECURSION = YES;
				CLANG_WARN_INT_CONVERSION = YES;
				CLANG_WARN_NON_LITERAL_NULL_CONVERSION = YES;
				CLANG_WARN_OBJC_IMPLICIT_RETAIN_SELF = YES;
				CLANG_WARN_OBJC_LITERAL_CONVERSION = YES;
				CLANG_WARN_OBJC_ROOT_CLASS = YES_ERROR;
				CLANG_WARN_QUOTED_INCLUDE_IN_FRAMEWORK_HEADER = YES;
				CLANG_WARN_RANGE_LOOP_ANALYSIS = YES;
				CLANG_WARN_STRICT_PROTOTYPES = YES;
				CLANG_WARN_SUSPICIOUS_MOVE = YES;
				CLANG_WARN_UNGUARDED_AVAILABILITY = YES_AGGRESSIVE;
				CLANG_WARN_UNREACHABLE_CODE = YES;
				CLANG_WARN__DUPLICATE_METHOD_MATCH = YES;
				COPY_PHASE_STRIP = NO;
				DEBUG_INFORMATION_FORMAT = "dwarf-with-dsym";
				ENABLE_NS_ASSERTIONS = NO;
				ENABLE_STRICT_OBJC_MSGSEND = YES;
				GCC_C_LANGUAGE_STANDARD = gnu11;
				GCC_NO_COMMON_BLOCKS = YES;
				GCC_WARN_64_TO_32_BIT_CONVERSION = YES;
				GCC_WARN_ABOUT_RETURN_TYPE = YES_ERROR;
				GCC_WARN_UNDECLARED_SELECTOR = YES;
				GCC_WARN_UNINITIALIZED_AUTOS = YES_AGGRESSIVE;
				GCC_WARN_UNUSED_FUNCTION = YES;
				GCC_WARN_UNUSED_VARIABLE = YES;
				MACOSX_DEPLOYMENT_TARGET = 11.3;
				MTL_ENABLE_DEBUG_INFO = NO;
				MTL_FAST_MATH = YES;
				SDKROOT = macosx;
			};
			name = Release;
		};
		C64C4EB02713DBBF0088370C /* Debug */ = {
			isa = XCBuildConfiguration;
			buildSettings = {
				CODE_SIGN_STYLE = Automatic;
				PRODUCT_NAME = "$(TARGET_NAME)";
			};
			name = Debug;
		};
		C64C4EB12713DBBF0088370C /* Release */ = {
			isa = XCBuildConfiguration;
			buildSettings = {
				CODE_SIGN_STYLE = Automatic;
				PRODUCT_NAME = "$(TARGET_NAME)";
			};
			name = Release;
		};
/* End XCBuildConfiguration section */

/* Begin XCConfigurationList section */
		C64C4EA32713DBBF0088370C /* Build configuration list for PBXProject "BonillaA04" */ = {
			isa = XCConfigurationList;
			buildConfigurations = (
				C64C4EAD2713DBBF0088370C /* Debug */,
				C64C4EAE2713DBBF0088370C /* Release */,
			);
			defaultConfigurationIsVisible = 0;
			defaultConfigurationName = Release;
		};
		C64C4EAF2713DBBF0088370C /* Build configuration list for PBXNativeTarget "BonillaA04" */ = {
			isa = XCConfigurationList;
			buildConfigurations = (
				C64C4EB02713DBBF0088370C /* Debug */,
				C64C4EB12713DBBF0088370C /* Release */,
			);
			defaultConfigurationIsVisible = 0;
			defaultConfigurationName = Release;
		};
/* End XCConfigurationList section */
	};
	rootObject = C64C4EA02713DBBF0088370C /* Project object */;
}
